PODS:
  - app_usage (0.0.1):
    - Flutter
  - Flutter (1.0.0)

DEPENDENCIES:
  - app_usage (from `.symlinks/plugins/app_usage/ios`)
  - Flutter (from `Flutter`)

EXTERNAL SOURCES:
  app_usage:
    :path: ".symlinks/plugins/app_usage/ios"
  Flutter:
    :path: Flutter

SPEC CHECKSUMS:
  app_usage: 9e1073c6463dde62c0522ee467bc9b737db42f3d
  Flutter: 50d75fe2f02b26cc09d224853bb45737f8b3214a

PODFILE CHECKSUM: aafe91acc616949ddb318b77800a7f51bffa2a4c

COCOAPODS: 1.11.3
